
Microsoft Visual Studio Solution File, Format Version 12.00
# Visual Studio Version 17
VisualStudioVersion = 17.9.34622.214
MinimumVisualStudioVersion = 10.0.40219.1
Project("{FAE04EC0-301F-11D3-BF4B-00C04F79EFBC}") = "ListOpdracht", "ListOpdracht\ListOpdracht.csproj", "{A31CABE3-CEE3-47C2-A994-D173BBEBA4A6}"
EndProject
Global
	GlobalSection(SolutionConfigurationPlatforms) = preSolution
		Debug|Any CPU = Debug|Any CPU
		Release|Any CPU = Release|Any CPU
	EndGlobalSection
	GlobalSection(ProjectConfigurationPlatforms) = postSolution
		{A31CABE3-CEE3-47C2-A994-D173BBEBA4A6}.Debug|Any CPU.ActiveCfg = Debug|Any CPU
		{A31CABE3-CEE3-47C2-A994-D173BBEBA4A6}.Debug|Any CPU.Build.0 = Debug|Any CPU
		{A31CABE3-CEE3-47C2-A994-D173BBEBA4A6}.Release|Any CPU.ActiveCfg = Release|Any CPU
		{A31CABE3-CEE3-47C2-A994-D173BBEBA4A6}.Release|Any CPU.Build.0 = Release|Any CPU
	EndGlobalSection
	GlobalSection(SolutionProperties) = preSolution
		HideSolutionNode = FALSE
	EndGlobalSection
	GlobalSection(ExtensibilityGlobals) = postSolution
		SolutionGuid = {26B67FAF-D173-449D-B676-E606FBADAE7A}
	EndGlobalSection
EndGlobal
